
Microsoft Visual Studio Solution File, Format Version 12.00
# Visual Studio Version 17
VisualStudioVersion = 17.2.32526.322
MinimumVisualStudioVersion = 10.0.40219.1
Project("{FAE04EC0-301F-11D3-BF4B-00C04F79EFBC}") = "DataAccess", "DataAccess\DataAccess.csproj", "{95F49F92-811B-4FDB-BB48-8F968FA1777F}"
EndProject
Project("{FAE04EC0-301F-11D3-BF4B-00C04F79EFBC}") = "Buisness", "Buisness\Buisness.csproj", "{4712094C-04C0-46FA-8CD4-DC5AF26BCAF6}"
EndProject
Project("{FAE04EC0-301F-11D3-BF4B-00C04F79EFBC}") = "Entitiess", "Entitiess\Entitiess.csproj", "{D8A63DF6-56D1-47D9-AAF6-EDBFC5AEE1A9}"
EndProject
Project("{FAE04EC0-301F-11D3-BF4B-00C04F79EFBC}") = "ConsoleUI", "ConsoleUI\ConsoleUI.csproj", "{22B8A656-B3B7-4666-B82E-D32F0BBD9642}"
EndProject
Global
	GlobalSection(SolutionConfigurationPlatforms) = preSolution
		Debug|Any CPU = Debug|Any CPU
		Release|Any CPU = Release|Any CPU
	EndGlobalSection
	GlobalSection(ProjectConfigurationPlatforms) = postSolution
		{95F49F92-811B-4FDB-BB48-8F968FA1777F}.Debug|Any CPU.ActiveCfg = Debug|Any CPU
		{95F49F92-811B-4FDB-BB48-8F968FA1777F}.Debug|Any CPU.Build.0 = Debug|Any CPU
		{95F49F92-811B-4FDB-BB48-8F968FA1777F}.Release|Any CPU.ActiveCfg = Release|Any CPU
		{95F49F92-811B-4FDB-BB48-8F968FA1777F}.Release|Any CPU.Build.0 = Release|Any CPU
		{4712094C-04C0-46FA-8CD4-DC5AF26BCAF6}.Debug|Any CPU.ActiveCfg = Debug|Any CPU
		{4712094C-04C0-46FA-8CD4-DC5AF26BCAF6}.Debug|Any CPU.Build.0 = Debug|Any CPU
		{4712094C-04C0-46FA-8CD4-DC5AF26BCAF6}.Release|Any CPU.ActiveCfg = Release|Any CPU
		{4712094C-04C0-46FA-8CD4-DC5AF26BCAF6}.Release|Any CPU.Build.0 = Release|Any CPU
		{D8A63DF6-56D1-47D9-AAF6-EDBFC5AEE1A9}.Debug|Any CPU.ActiveCfg = Debug|Any CPU
		{D8A63DF6-56D1-47D9-AAF6-EDBFC5AEE1A9}.Debug|Any CPU.Build.0 = Debug|Any CPU
		{D8A63DF6-56D1-47D9-AAF6-EDBFC5AEE1A9}.Release|Any CPU.ActiveCfg = Release|Any CPU
		{D8A63DF6-56D1-47D9-AAF6-EDBFC5AEE1A9}.Release|Any CPU.Build.0 = Release|Any CPU
		{22B8A656-B3B7-4666-B82E-D32F0BBD9642}.Debug|Any CPU.ActiveCfg = Debug|Any CPU
		{22B8A656-B3B7-4666-B82E-D32F0BBD9642}.Debug|Any CPU.Build.0 = Debug|Any CPU
		{22B8A656-B3B7-4666-B82E-D32F0BBD9642}.Release|Any CPU.ActiveCfg = Release|Any CPU
		{22B8A656-B3B7-4666-B82E-D32F0BBD9642}.Release|Any CPU.Build.0 = Release|Any CPU
	EndGlobalSection
	GlobalSection(SolutionProperties) = preSolution
		HideSolutionNode = FALSE
	EndGlobalSection
	GlobalSection(ExtensibilityGlobals) = postSolution
		SolutionGuid = {7C1F6B59-A490-4569-B229-51A3FF41F1EE}
	EndGlobalSection
EndGlobal
